
Microsoft Visual Studio Solution File, Format Version 12.00
# Visual Studio Version 16
VisualStudioVersion = 16.0.30717.126
MinimumVisualStudioVersion = 10.0.40219.1
Project("{9A19103F-16F7-4668-BE54-9A1E7A4F7556}") = "Vrnz2.Infra.Repository", "Vrnz2.Infra.Repository\Vrnz2.Infra.Repository.csproj", "{74896409-446A-465C-B222-FE3C5A2009E0}"
EndProject
Project("{FAE04EC0-301F-11D3-BF4B-00C04F79EFBC}") = "Vrnz2.Infra.Repository.Test", "Vrnz2.Infra.Repository.Test\Vrnz2.Infra.Repository.Test.csproj", "{F44FA34B-5C17-4A4D-9BEE-B731F590E071}"
EndProject
Global
	GlobalSection(SolutionConfigurationPlatforms) = preSolution
		Debug|Any CPU = Debug|Any CPU
		Release|Any CPU = Release|Any CPU
	EndGlobalSection
	GlobalSection(ProjectConfigurationPlatforms) = postSolution
		{74896409-446A-465C-B222-FE3C5A2009E0}.Debug|Any CPU.ActiveCfg = Debug|Any CPU
		{74896409-446A-465C-B222-FE3C5A2009E0}.Debug|Any CPU.Build.0 = Debug|Any CPU
		{74896409-446A-465C-B222-FE3C5A2009E0}.Release|Any CPU.ActiveCfg = Release|Any CPU
		{74896409-446A-465C-B222-FE3C5A2009E0}.Release|Any CPU.Build.0 = Release|Any CPU
		{F44FA34B-5C17-4A4D-9BEE-B731F590E071}.Debug|Any CPU.ActiveCfg = Debug|Any CPU
		{F44FA34B-5C17-4A4D-9BEE-B731F590E071}.Debug|Any CPU.Build.0 = Debug|Any CPU
		{F44FA34B-5C17-4A4D-9BEE-B731F590E071}.Release|Any CPU.ActiveCfg = Release|Any CPU
		{F44FA34B-5C17-4A4D-9BEE-B731F590E071}.Release|Any CPU.Build.0 = Release|Any CPU
	EndGlobalSection
	GlobalSection(SolutionProperties) = preSolution
		HideSolutionNode = FALSE
	EndGlobalSection
	GlobalSection(ExtensibilityGlobals) = postSolution
		SolutionGuid = {EBAAC6E0-6F0D-4682-9726-44F8A744A949}
	EndGlobalSection
EndGlobal
